
Microsoft Visual Studio Solution File, Format Version 12.00
# Visual Studio 15
Project("{FAE04EC0-301F-11D3-BF4B-00C04F79EFBC}") = "Assembly-CSharp", "Assembly-CSharp.csproj", "{87DAB47D-97DC-2842-4FB6-84ED7BD62225}"
EndProject
Project("{FAE04EC0-301F-11D3-BF4B-00C04F79EFBC}") = "Assembly-CSharp-Editor", "Assembly-CSharp-Editor.csproj", "{6AFF0FBC-0B14-CB07-47C0-59BE730725CF}"
EndProject
Global
	GlobalSection(SolutionConfigurationPlatforms) = preSolution
		Debug|Any CPU = Debug|Any CPU
		Release|Any CPU = Release|Any CPU
	EndGlobalSection
	GlobalSection(ProjectConfigurationPlatforms) = postSolution
		{87DAB47D-97DC-2842-4FB6-84ED7BD62225}.Debug|Any CPU.ActiveCfg = Debug|Any CPU
		{87DAB47D-97DC-2842-4FB6-84ED7BD62225}.Debug|Any CPU.Build.0 = Debug|Any CPU
		{87DAB47D-97DC-2842-4FB6-84ED7BD62225}.Release|Any CPU.ActiveCfg = Release|Any CPU
		{87DAB47D-97DC-2842-4FB6-84ED7BD62225}.Release|Any CPU.Build.0 = Release|Any CPU
		{6AFF0FBC-0B14-CB07-47C0-59BE730725CF}.Debug|Any CPU.ActiveCfg = Debug|Any CPU
		{6AFF0FBC-0B14-CB07-47C0-59BE730725CF}.Debug|Any CPU.Build.0 = Debug|Any CPU
		{6AFF0FBC-0B14-CB07-47C0-59BE730725CF}.Release|Any CPU.ActiveCfg = Release|Any CPU
		{6AFF0FBC-0B14-CB07-47C0-59BE730725CF}.Release|Any CPU.Build.0 = Release|Any CPU
	EndGlobalSection
	GlobalSection(SolutionProperties) = preSolution
		HideSolutionNode = FALSE
	EndGlobalSection
EndGlobal
